
Microsoft Visual Studio Solution File, Format Version 12.00
# Visual Studio Version 16
VisualStudioVersion = 16.0.31205.134
MinimumVisualStudioVersion = 10.0.40219.1
Project("{9A19103F-16F7-4668-BE54-9A1E7A4F7556}") = "SnippetGenerator", "SnippetGenerator\SnippetGenerator.csproj", "{026771FF-F666-46AE-A9D9-8A6E4FFD373D}"
EndProject
Project("{FAE04EC0-301F-11D3-BF4B-00C04F79EFBC}") = "SnippetGeneratorTest", "SnippetGeneratorTest\SnippetGeneratorTest.csproj", "{CDFAA648-7805-477F-8464-93A3FF90BEAB}"
EndProject
Global
	GlobalSection(SolutionConfigurationPlatforms) = preSolution
		Debug|Any CPU = Debug|Any CPU
		Release|Any CPU = Release|Any CPU
	EndGlobalSection
	GlobalSection(ProjectConfigurationPlatforms) = postSolution
		{026771FF-F666-46AE-A9D9-8A6E4FFD373D}.Debug|Any CPU.ActiveCfg = Debug|Any CPU
		{026771FF-F666-46AE-A9D9-8A6E4FFD373D}.Debug|Any CPU.Build.0 = Debug|Any CPU
		{026771FF-F666-46AE-A9D9-8A6E4FFD373D}.Release|Any CPU.ActiveCfg = Release|Any CPU
		{026771FF-F666-46AE-A9D9-8A6E4FFD373D}.Release|Any CPU.Build.0 = Release|Any CPU
		{CDFAA648-7805-477F-8464-93A3FF90BEAB}.Debug|Any CPU.ActiveCfg = Debug|Any CPU
		{CDFAA648-7805-477F-8464-93A3FF90BEAB}.Debug|Any CPU.Build.0 = Debug|Any CPU
		{CDFAA648-7805-477F-8464-93A3FF90BEAB}.Release|Any CPU.ActiveCfg = Release|Any CPU
		{CDFAA648-7805-477F-8464-93A3FF90BEAB}.Release|Any CPU.Build.0 = Release|Any CPU
	EndGlobalSection
	GlobalSection(SolutionProperties) = preSolution
		HideSolutionNode = FALSE
	EndGlobalSection
	GlobalSection(ExtensibilityGlobals) = postSolution
		SolutionGuid = {492AF89F-AF54-4E33-8D57-61C05D1C8643}
	EndGlobalSection
EndGlobal
